
Microsoft Visual Studio Solution File, Format Version 12.00
# Visual Studio 2013
VisualStudioVersion = 12.0.40629.0
MinimumVisualStudioVersion = 10.0.40219.1
Project("{FAE04EC0-301F-11D3-BF4B-00C04F79EFBC}") = "noisebox", "noisebox\noisebox.csproj", "{79878B22-FBC6-4EC3-A063-795F6D1201A9}"
EndProject
Project("{2150E333-8FDC-42A3-9474-1A3956D46DE8}") = "Solution Items", "Solution Items", "{206D2974-BC18-44FD-BCBB-17E6FAFAB22B}"
	ProjectSection(SolutionItems) = preProject
		README.md = README.md
	EndProjectSection
EndProject
Global
	GlobalSection(SolutionConfigurationPlatforms) = preSolution
		Debug|Any CPU = Debug|Any CPU
		Release|Any CPU = Release|Any CPU
	EndGlobalSection
	GlobalSection(ProjectConfigurationPlatforms) = postSolution
		{79878B22-FBC6-4EC3-A063-795F6D1201A9}.Debug|Any CPU.ActiveCfg = Debug|Any CPU
		{79878B22-FBC6-4EC3-A063-795F6D1201A9}.Debug|Any CPU.Build.0 = Debug|Any CPU
		{79878B22-FBC6-4EC3-A063-795F6D1201A9}.Release|Any CPU.ActiveCfg = Release|Any CPU
		{79878B22-FBC6-4EC3-A063-795F6D1201A9}.Release|Any CPU.Build.0 = Release|Any CPU
	EndGlobalSection
	GlobalSection(SolutionProperties) = preSolution
		HideSolutionNode = FALSE
	EndGlobalSection
EndGlobal
